
Microsoft Visual Studio Solution File, Format Version 12.00
# Visual Studio Version 17
VisualStudioVersion = 17.3.32929.385
MinimumVisualStudioVersion = 10.0.40219.1
Project("{FAE04EC0-301F-11D3-BF4B-00C04F79EFBC}") = "Crawler", "Crawler.csproj", "{127E04F0-B410-4E3E-BBDA-5736DB900422}"
EndProject
Global
	GlobalSection(SolutionConfigurationPlatforms) = preSolution
		Debug|Any CPU = Debug|Any CPU
		Release|Any CPU = Release|Any CPU
	EndGlobalSection
	GlobalSection(ProjectConfigurationPlatforms) = postSolution
		{127E04F0-B410-4E3E-BBDA-5736DB900422}.Debug|Any CPU.ActiveCfg = Debug|Any CPU
		{127E04F0-B410-4E3E-BBDA-5736DB900422}.Debug|Any CPU.Build.0 = Debug|Any CPU
		{127E04F0-B410-4E3E-BBDA-5736DB900422}.Release|Any CPU.ActiveCfg = Release|Any CPU
		{127E04F0-B410-4E3E-BBDA-5736DB900422}.Release|Any CPU.Build.0 = Release|Any CPU
	EndGlobalSection
	GlobalSection(SolutionProperties) = preSolution
		HideSolutionNode = FALSE
	EndGlobalSection
	GlobalSection(ExtensibilityGlobals) = postSolution
		SolutionGuid = {D81D0A08-5151-45FB-A0F8-186A8625342F}
	EndGlobalSection
EndGlobal
